
Microsoft Visual Studio Solution File, Format Version 12.00
# Visual Studio Version 17
VisualStudioVersion = 17.2.32519.379
MinimumVisualStudioVersion = 10.0.40219.1
Project("{9A19103F-16F7-4668-BE54-9A1E7A4F7556}") = "Task1", "Task1\Task1.csproj", "{1BFC662C-8846-472D-9ABF-3741B89E2B26}"
EndProject
Project("{FAE04EC0-301F-11D3-BF4B-00C04F79EFBC}") = "Task2", "Task2\Task2.csproj", "{643A696C-CC19-4DD1-A769-5EEEB7A7AD28}"
EndProject
Global
	GlobalSection(SolutionConfigurationPlatforms) = preSolution
		Debug|Any CPU = Debug|Any CPU
		Release|Any CPU = Release|Any CPU
	EndGlobalSection
	GlobalSection(ProjectConfigurationPlatforms) = postSolution
		{1BFC662C-8846-472D-9ABF-3741B89E2B26}.Debug|Any CPU.ActiveCfg = Debug|Any CPU
		{1BFC662C-8846-472D-9ABF-3741B89E2B26}.Debug|Any CPU.Build.0 = Debug|Any CPU
		{1BFC662C-8846-472D-9ABF-3741B89E2B26}.Release|Any CPU.ActiveCfg = Release|Any CPU
		{1BFC662C-8846-472D-9ABF-3741B89E2B26}.Release|Any CPU.Build.0 = Release|Any CPU
		{643A696C-CC19-4DD1-A769-5EEEB7A7AD28}.Debug|Any CPU.ActiveCfg = Debug|Any CPU
		{643A696C-CC19-4DD1-A769-5EEEB7A7AD28}.Debug|Any CPU.Build.0 = Debug|Any CPU
		{643A696C-CC19-4DD1-A769-5EEEB7A7AD28}.Release|Any CPU.ActiveCfg = Release|Any CPU
		{643A696C-CC19-4DD1-A769-5EEEB7A7AD28}.Release|Any CPU.Build.0 = Release|Any CPU
	EndGlobalSection
	GlobalSection(SolutionProperties) = preSolution
		HideSolutionNode = FALSE
	EndGlobalSection
	GlobalSection(ExtensibilityGlobals) = postSolution
		SolutionGuid = {4877CE51-C2DD-4C3C-9D4A-0358CE3C8118}
	EndGlobalSection
EndGlobal
